
Microsoft Visual Studio Solution File, Format Version 12.00
# Visual Studio Version 17
VisualStudioVersion = 17.3.32825.248
MinimumVisualStudioVersion = 10.0.40219.1
Project("{2150E333-8FDC-42A3-9474-1A3956D46DE8}") = "Solution Items", "Solution Items", "{1097DF38-6E2C-4D1A-A523-4F0DD055E5D5}"
	ProjectSection(SolutionItems) = preProject
		LICENSE = LICENSE
		README.md = README.md
		test-config.json = test-config.json
	EndProjectSection
EndProject
Project("{2150E333-8FDC-42A3-9474-1A3956D46DE8}") = ".pipelines", ".pipelines", "{0875AAF6-BD67-4123-8142-6F8B3836A960}"
	ProjectSection(SolutionItems) = preProject
		.pipelines\azure-pipelines.yml = .pipelines\azure-pipelines.yml
	EndProjectSection
EndProject
Project("{2150E333-8FDC-42A3-9474-1A3956D46DE8}") = "buildout", "buildout", "{95475768-3688-4624-8506-57C66E067F89}"
EndProject
Project("{2150E333-8FDC-42A3-9474-1A3956D46DE8}") = "arm", "arm", "{55F81D87-B6FE-4781-BFD4-431F5E59702C}"
	ProjectSection(SolutionItems) = preProject
		.pipelines\buildout\arm\configs.json = .pipelines\buildout\arm\configs.json
	EndProjectSection
EndProject
Project("{2150E333-8FDC-42A3-9474-1A3956D46DE8}") = "parameters", "parameters", "{E990D403-3EEC-40D3-9965-7F5F04D7769E}"
	ProjectSection(SolutionItems) = preProject
		.pipelines\buildout\arm\parameters\_deployment-parameters.json = .pipelines\buildout\arm\parameters\_deployment-parameters.json
	EndProjectSection
EndProject
Project("{2150E333-8FDC-42A3-9474-1A3956D46DE8}") = "templates", "templates", "{D21ED3ED-AE05-491B-B7B3-DF7EA7988F5E}"
	ProjectSection(SolutionItems) = preProject
		.pipelines\buildout\arm\templates\deployment-template.json = .pipelines\buildout\arm\templates\deployment-template.json
	EndProjectSection
EndProject
Project("{2150E333-8FDC-42A3-9474-1A3956D46DE8}") = "steps", "steps", "{44956E79-4A48-487B-8B15-F3BE4EA67277}"
	ProjectSection(SolutionItems) = preProject
		.pipelines\steps\ci.yml = .pipelines\steps\ci.yml
		.pipelines\steps\deploy.yml = .pipelines\steps\deploy.yml
		.pipelines\steps\pr.yml = .pipelines\steps\pr.yml
	EndProjectSection
EndProject
Project("{2150E333-8FDC-42A3-9474-1A3956D46DE8}") = ".scripts", ".scripts", "{B67AFA31-23BB-4E8D-8F87-6CA925EFAFB4}"
	ProjectSection(SolutionItems) = preProject
		.scripts\ConvertArmOutput.ps1 = .scripts\ConvertArmOutput.ps1
		.scripts\ExpandArtifacts.ps1 = .scripts\ExpandArtifacts.ps1
		.scripts\Sleep.ps1 = .scripts\Sleep.ps1
	EndProjectSection
EndProject
Project("{2150E333-8FDC-42A3-9474-1A3956D46DE8}") = "test", "test", "{AA088214-C54E-47A8-914B-9FA960C691AF}"
EndProject
Project("{9A19103F-16F7-4668-BE54-9A1E7A4F7556}") = "AddonMirror", "src\AddonMirror\AddonMirror.csproj", "{14E8A63F-87D3-4BCC-A836-A5A069C865C6}"
EndProject
Project("{9A19103F-16F7-4668-BE54-9A1E7A4F7556}") = "AddonMirror.Functions", "src\AddonMirror.Functions\AddonMirror.Functions.csproj", "{80EC91A0-8CFE-496A-BDCD-82DD23EDF914}"
EndProject
Project("{9A19103F-16F7-4668-BE54-9A1E7A4F7556}") = "AddonMirror.TestCore", "test\AddonMirror.TestCore\AddonMirror.TestCore.csproj", "{DEE8B7D1-BDEF-4A0A-981D-15B8AFB5BE33}"
EndProject
Project("{9A19103F-16F7-4668-BE54-9A1E7A4F7556}") = "AddonMirror.Tests", "test\AddonMirror.Tests\AddonMirror.Tests.csproj", "{9FF2FB56-4441-45AF-B98D-CA7960CD3118}"
EndProject
Project("{9A19103F-16F7-4668-BE54-9A1E7A4F7556}") = "AddonMirror.Functions.Tests", "test\AddonMirror.Functions.Tests\AddonMirror.Functions.Tests.csproj", "{434A84BE-880B-4414-8B1D-530F5CD9AF18}"
EndProject
Global
	GlobalSection(SolutionConfigurationPlatforms) = preSolution
		Debug|Any CPU = Debug|Any CPU
		Release|Any CPU = Release|Any CPU
	EndGlobalSection
	GlobalSection(ProjectConfigurationPlatforms) = postSolution
		{14E8A63F-87D3-4BCC-A836-A5A069C865C6}.Debug|Any CPU.ActiveCfg = Debug|Any CPU
		{14E8A63F-87D3-4BCC-A836-A5A069C865C6}.Debug|Any CPU.Build.0 = Debug|Any CPU
		{14E8A63F-87D3-4BCC-A836-A5A069C865C6}.Release|Any CPU.ActiveCfg = Release|Any CPU
		{14E8A63F-87D3-4BCC-A836-A5A069C865C6}.Release|Any CPU.Build.0 = Release|Any CPU
		{80EC91A0-8CFE-496A-BDCD-82DD23EDF914}.Debug|Any CPU.ActiveCfg = Debug|Any CPU
		{80EC91A0-8CFE-496A-BDCD-82DD23EDF914}.Debug|Any CPU.Build.0 = Debug|Any CPU
		{80EC91A0-8CFE-496A-BDCD-82DD23EDF914}.Release|Any CPU.ActiveCfg = Release|Any CPU
		{80EC91A0-8CFE-496A-BDCD-82DD23EDF914}.Release|Any CPU.Build.0 = Release|Any CPU
		{DEE8B7D1-BDEF-4A0A-981D-15B8AFB5BE33}.Debug|Any CPU.ActiveCfg = Debug|Any CPU
		{DEE8B7D1-BDEF-4A0A-981D-15B8AFB5BE33}.Debug|Any CPU.Build.0 = Debug|Any CPU
		{DEE8B7D1-BDEF-4A0A-981D-15B8AFB5BE33}.Release|Any CPU.ActiveCfg = Release|Any CPU
		{DEE8B7D1-BDEF-4A0A-981D-15B8AFB5BE33}.Release|Any CPU.Build.0 = Release|Any CPU
		{9FF2FB56-4441-45AF-B98D-CA7960CD3118}.Debug|Any CPU.ActiveCfg = Debug|Any CPU
		{9FF2FB56-4441-45AF-B98D-CA7960CD3118}.Debug|Any CPU.Build.0 = Debug|Any CPU
		{9FF2FB56-4441-45AF-B98D-CA7960CD3118}.Release|Any CPU.ActiveCfg = Release|Any CPU
		{9FF2FB56-4441-45AF-B98D-CA7960CD3118}.Release|Any CPU.Build.0 = Release|Any CPU
		{434A84BE-880B-4414-8B1D-530F5CD9AF18}.Debug|Any CPU.ActiveCfg = Debug|Any CPU
		{434A84BE-880B-4414-8B1D-530F5CD9AF18}.Debug|Any CPU.Build.0 = Debug|Any CPU
		{434A84BE-880B-4414-8B1D-530F5CD9AF18}.Release|Any CPU.ActiveCfg = Release|Any CPU
		{434A84BE-880B-4414-8B1D-530F5CD9AF18}.Release|Any CPU.Build.0 = Release|Any CPU
	EndGlobalSection
	GlobalSection(SolutionProperties) = preSolution
		HideSolutionNode = FALSE
	EndGlobalSection
	GlobalSection(NestedProjects) = preSolution
		{0875AAF6-BD67-4123-8142-6F8B3836A960} = {1097DF38-6E2C-4D1A-A523-4F0DD055E5D5}
		{95475768-3688-4624-8506-57C66E067F89} = {0875AAF6-BD67-4123-8142-6F8B3836A960}
		{55F81D87-B6FE-4781-BFD4-431F5E59702C} = {95475768-3688-4624-8506-57C66E067F89}
		{E990D403-3EEC-40D3-9965-7F5F04D7769E} = {55F81D87-B6FE-4781-BFD4-431F5E59702C}
		{D21ED3ED-AE05-491B-B7B3-DF7EA7988F5E} = {55F81D87-B6FE-4781-BFD4-431F5E59702C}
		{44956E79-4A48-487B-8B15-F3BE4EA67277} = {0875AAF6-BD67-4123-8142-6F8B3836A960}
		{B67AFA31-23BB-4E8D-8F87-6CA925EFAFB4} = {1097DF38-6E2C-4D1A-A523-4F0DD055E5D5}
		{DEE8B7D1-BDEF-4A0A-981D-15B8AFB5BE33} = {AA088214-C54E-47A8-914B-9FA960C691AF}
		{9FF2FB56-4441-45AF-B98D-CA7960CD3118} = {AA088214-C54E-47A8-914B-9FA960C691AF}
		{434A84BE-880B-4414-8B1D-530F5CD9AF18} = {AA088214-C54E-47A8-914B-9FA960C691AF}
	EndGlobalSection
	GlobalSection(ExtensibilityGlobals) = postSolution
		SolutionGuid = {E2B26D99-F6DA-4822-80A3-FCB564B4F027}
	EndGlobalSection
EndGlobal
